
Microsoft Visual Studio Solution File, Format Version 12.00
# Visual Studio Version 17
VisualStudioVersion = 17.12.35506.116
MinimumVisualStudioVersion = 10.0.40219.1
Project("{FAE04EC0-301F-11D3-BF4B-00C04F79EFBC}") = "Labolatorium2", "Labolatorium2\Labolatorium2.csproj", "{663CFDD1-14CF-42CE-9F97-1DE3677F1CDB}"
EndProject
Project("{2150E333-8FDC-42A3-9474-1A3956D46DE8}") = "Solution Items", "Solution Items", "{5ABCFCA0-35DB-473B-BDA4-8685970AAC75}"
EndProject
Project("{FAE04EC0-301F-11D3-BF4B-00C04F79EFBC}") = "LABOLATORIUM_5", "LABOLATORIUM_5\LABOLATORIUM_5.csproj", "{9BFCDF83-8BCC-45E0-A501-2AAF669C5AE3}"
EndProject
Project("{FAE04EC0-301F-11D3-BF4B-00C04F79EFBC}") = "Labolatorium_6", "Labolatorium_6\Labolatorium_6.csproj", "{19454B75-7149-4058-8DF7-3EB7175C02B8}"
EndProject
Project("{2150E333-8FDC-42A3-9474-1A3956D46DE8}") = "interfaces", "interfaces", "{22B9CF29-0FCB-4998-B2FC-8EFF60A5F8D8}"
	ProjectSection(SolutionItems) = preProject
		1.cs = 1.cs
		IBookRepository.cs = IBookRepository.cs
		ICreationTime.cs = ICreationTime.cs
		IEntity.cs = IEntity.cs
	EndProjectSection
EndProject
Project("{FAE04EC0-301F-11D3-BF4B-00C04F79EFBC}") = "lab_7", "lab_7\lab_7.csproj", "{78107D59-123B-45FC-9222-77EC66229F7E}"
EndProject
Global
	GlobalSection(SolutionConfigurationPlatforms) = preSolution
		Debug|Any CPU = Debug|Any CPU
		Release|Any CPU = Release|Any CPU
	EndGlobalSection
	GlobalSection(ProjectConfigurationPlatforms) = postSolution
		{663CFDD1-14CF-42CE-9F97-1DE3677F1CDB}.Debug|Any CPU.ActiveCfg = Debug|Any CPU
		{663CFDD1-14CF-42CE-9F97-1DE3677F1CDB}.Debug|Any CPU.Build.0 = Debug|Any CPU
		{663CFDD1-14CF-42CE-9F97-1DE3677F1CDB}.Release|Any CPU.ActiveCfg = Release|Any CPU
		{663CFDD1-14CF-42CE-9F97-1DE3677F1CDB}.Release|Any CPU.Build.0 = Release|Any CPU
		{9BFCDF83-8BCC-45E0-A501-2AAF669C5AE3}.Debug|Any CPU.ActiveCfg = Debug|Any CPU
		{9BFCDF83-8BCC-45E0-A501-2AAF669C5AE3}.Debug|Any CPU.Build.0 = Debug|Any CPU
		{9BFCDF83-8BCC-45E0-A501-2AAF669C5AE3}.Release|Any CPU.ActiveCfg = Release|Any CPU
		{9BFCDF83-8BCC-45E0-A501-2AAF669C5AE3}.Release|Any CPU.Build.0 = Release|Any CPU
		{19454B75-7149-4058-8DF7-3EB7175C02B8}.Debug|Any CPU.ActiveCfg = Debug|Any CPU
		{19454B75-7149-4058-8DF7-3EB7175C02B8}.Debug|Any CPU.Build.0 = Debug|Any CPU
		{19454B75-7149-4058-8DF7-3EB7175C02B8}.Release|Any CPU.ActiveCfg = Release|Any CPU
		{19454B75-7149-4058-8DF7-3EB7175C02B8}.Release|Any CPU.Build.0 = Release|Any CPU
		{78107D59-123B-45FC-9222-77EC66229F7E}.Debug|Any CPU.ActiveCfg = Debug|Any CPU
		{78107D59-123B-45FC-9222-77EC66229F7E}.Debug|Any CPU.Build.0 = Debug|Any CPU
		{78107D59-123B-45FC-9222-77EC66229F7E}.Release|Any CPU.ActiveCfg = Release|Any CPU
		{78107D59-123B-45FC-9222-77EC66229F7E}.Release|Any CPU.Build.0 = Release|Any CPU
	EndGlobalSection
	GlobalSection(SolutionProperties) = preSolution
		HideSolutionNode = FALSE
	EndGlobalSection
EndGlobal
